// !$*UTF8*$!
{
	archiveVersion = 1;
	classes = {
	};
	objectVersion = 50;
	objects = {

/* Begin PBXBuildFile section */
		3467835121F5C28B0075C97D /* AppDelegate.m in Sources */ = {isa = PBXBuildFile; fileRef = 3467835021F5C28B0075C97D /* AppDelegate.m */; };
		3467835721F5C28B0075C97D /* Main.storyboard in Resources */ = {isa = PBXBuildFile; fileRef = 3467835521F5C28B0075C97D /* Main.storyboard */; };
		3467835921F5C28C0075C97D /* Assets.xcassets in Resources */ = {isa = PBXBuildFile; fileRef = 3467835821F5C28C0075C97D /* Assets.xcassets */; };
		3467835C21F5C28C0075C97D /* LaunchScreen.storyboard in Resources */ = {isa = PBXBuildFile; fileRef = 3467835A21F5C28C0075C97D /* LaunchScreen.storyboard */; };
		3467835F21F5C28C0075C97D /* main.m in Sources */ = {isa = PBXBuildFile; fileRef = 3467835E21F5C28C0075C97D /* main.m */; };
		3467836821F5C2C80075C97D /* HZTabBarView.m in Sources */ = {isa = PBXBuildFile; fileRef = 3467836721F5C2C80075C97D /* HZTabBarView.m */; };
		3467836C21F5C3BA0075C97D /* HZTabModel.m in Sources */ = {isa = PBXBuildFile; fileRef = 3467836B21F5C3BA0075C97D /* HZTabModel.m */; };
		3467837921F6C2F40075C97D /* HZTabContentView.m in Sources */ = {isa = PBXBuildFile; fileRef = 3467837821F6C2F40075C97D /* HZTabContentView.m */; };
		3467838021F7008B0075C97D /* HZTabBarController.m in Sources */ = {isa = PBXBuildFile; fileRef = 3467837F21F7008B0075C97D /* HZTabBarController.m */; };
		3467838721F809D90075C97D /* Aspects.m in Sources */ = {isa = PBXBuildFile; fileRef = 3467838521F809D80075C97D /* Aspects.m */; };
		3467838C21F80CF00075C97D /* HZTabbarHelper.m in Sources */ = {isa = PBXBuildFile; fileRef = 3467838B21F80CF00075C97D /* HZTabbarHelper.m */; };
/* End PBXBuildFile section */

/* Begin PBXFileReference section */
		3467834C21F5C28B0075C97D /* TabView.app */ = {isa = PBXFileReference; explicitFileType = wrapper.application; includeInIndex = 0; path = TabView.app; sourceTree = BUILT_PRODUCTS_DIR; };
		3467834F21F5C28B0075C97D /* AppDelegate.h */ = {isa = PBXFileReference; lastKnownFileType = sourcecode.c.h; path = AppDelegate.h; sourceTree = "<group>"; };
		3467835021F5C28B0075C97D /* AppDelegate.m */ = {isa = PBXFileReference; lastKnownFileType = sourcecode.c.objc; path = AppDelegate.m; sourceTree = "<group>"; };
		3467835621F5C28B0075C97D /* Base */ = {isa = PBXFileReference; lastKnownFileType = file.storyboard; name = Base; path = Base.lproj/Main.storyboard; sourceTree = "<group>"; };
		3467835821F5C28C0075C97D /* Assets.xcassets */ = {isa = PBXFileReference; lastKnownFileType = folder.assetcatalog; path = Assets.xcassets; sourceTree = "<group>"; };
		3467835B21F5C28C0075C97D /* Base */ = {isa = PBXFileReference; lastKnownFileType = file.storyboard; name = Base; path = Base.lproj/LaunchScreen.storyboard; sourceTree = "<group>"; };
		3467835D21F5C28C0075C97D /* Info.plist */ = {isa = PBXFileReference; lastKnownFileType = text.plist.xml; path = Info.plist; sourceTree = "<group>"; };
		3467835E21F5C28C0075C97D /* main.m */ = {isa = PBXFileReference; lastKnownFileType = sourcecode.c.objc; path = main.m; sourceTree = "<group>"; };
		3467836621F5C2C80075C97D /* HZTabBarView.h */ = {isa = PBXFileReference; lastKnownFileType = sourcecode.c.h; path = HZTabBarView.h; sourceTree = "<group>"; };
		3467836721F5C2C80075C97D /* HZTabBarView.m */ = {isa = PBXFileReference; lastKnownFileType = sourcecode.c.objc; path = HZTabBarView.m; sourceTree = "<group>"; };
		3467836A21F5C3BA0075C97D /* HZTabModel.h */ = {isa = PBXFileReference; lastKnownFileType = sourcecode.c.h; path = HZTabModel.h; sourceTree = "<group>"; };
		3467836B21F5C3BA0075C97D /* HZTabModel.m */ = {isa = PBXFileReference; lastKnownFileType = sourcecode.c.objc; path = HZTabModel.m; sourceTree = "<group>"; };
		3467837721F6C2F40075C97D /* HZTabContentView.h */ = {isa = PBXFileReference; lastKnownFileType = sourcecode.c.h; path = HZTabContentView.h; sourceTree = "<group>"; };
		3467837821F6C2F40075C97D /* HZTabContentView.m */ = {isa = PBXFileReference; lastKnownFileType = sourcecode.c.objc; path = HZTabContentView.m; sourceTree = "<group>"; };
		3467837E21F7008B0075C97D /* HZTabBarController.h */ = {isa = PBXFileReference; lastKnownFileType = sourcecode.c.h; path = HZTabBarController.h; sourceTree = "<group>"; };
		3467837F21F7008B0075C97D /* HZTabBarController.m */ = {isa = PBXFileReference; lastKnownFileType = sourcecode.c.objc; path = HZTabBarController.m; sourceTree = "<group>"; };
		3467838521F809D80075C97D /* Aspects.m */ = {isa = PBXFileReference; fileEncoding = 4; lastKnownFileType = sourcecode.c.objc; path = Aspects.m; sourceTree = "<group>"; };
		3467838621F809D80075C97D /* Aspects.h */ = {isa = PBXFileReference; fileEncoding = 4; lastKnownFileType = sourcecode.c.h; path = Aspects.h; sourceTree = "<group>"; };
		3467838A21F80CF00075C97D /* HZTabbarHelper.h */ = {isa = PBXFileReference; lastKnownFileType = sourcecode.c.h; path = HZTabbarHelper.h; sourceTree = "<group>"; };
		3467838B21F80CF00075C97D /* HZTabbarHelper.m */ = {isa = PBXFileReference; lastKnownFileType = sourcecode.c.objc; path = HZTabbarHelper.m; sourceTree = "<group>"; };
/* End PBXFileReference section */

/* Begin PBXFrameworksBuildPhase section */
		3467834921F5C28B0075C97D /* Frameworks */ = {
			isa = PBXFrameworksBuildPhase;
			buildActionMask = 2147483647;
			files = (
			);
			runOnlyForDeploymentPostprocessing = 0;
		};
/* End PBXFrameworksBuildPhase section */

/* Begin PBXGroup section */
		3467834321F5C28B0075C97D = {
			isa = PBXGroup;
			children = (
				3467834E21F5C28B0075C97D /* TabView */,
				3467834D21F5C28B0075C97D /* Products */,
			);
			sourceTree = "<group>";
		};
		3467834D21F5C28B0075C97D /* Products */ = {
			isa = PBXGroup;
			children = (
				3467834C21F5C28B0075C97D /* TabView.app */,
			);
			name = Products;
			sourceTree = "<group>";
		};
		3467834E21F5C28B0075C97D /* TabView */ = {
			isa = PBXGroup;
			children = (
				3467836521F5C2AE0075C97D /* TabView */,
				3467834F21F5C28B0075C97D /* AppDelegate.h */,
				3467835021F5C28B0075C97D /* AppDelegate.m */,
				3467835521F5C28B0075C97D /* Main.storyboard */,
				3467835821F5C28C0075C97D /* Assets.xcassets */,
				3467835A21F5C28C0075C97D /* LaunchScreen.storyboard */,
				3467835D21F5C28C0075C97D /* Info.plist */,
				3467835E21F5C28C0075C97D /* main.m */,
			);
			path = TabView;
			sourceTree = "<group>";
		};
		3467836521F5C2AE0075C97D /* TabView */ = {
			isa = PBXGroup;
			children = (
				3467838921F80CDE0075C97D /* Helper */,
				3467838821F809DD0075C97D /* Aspects */,
				3467837D21F6FF7E0075C97D /* View */,
				3467836921F5C3AB0075C97D /* Model */,
				3467837E21F7008B0075C97D /* HZTabBarController.h */,
				3467837F21F7008B0075C97D /* HZTabBarController.m */,
			);
			path = TabView;
			sourceTree = "<group>";
		};
		3467836921F5C3AB0075C97D /* Model */ = {
			isa = PBXGroup;
			children = (
				3467836A21F5C3BA0075C97D /* HZTabModel.h */,
				3467836B21F5C3BA0075C97D /* HZTabModel.m */,
			);
			path = Model;
			sourceTree = "<group>";
		};
		3467837D21F6FF7E0075C97D /* View */ = {
			isa = PBXGroup;
			children = (
				3467836621F5C2C80075C97D /* HZTabBarView.h */,
				3467836721F5C2C80075C97D /* HZTabBarView.m */,
				3467837721F6C2F40075C97D /* HZTabContentView.h */,
				3467837821F6C2F40075C97D /* HZTabContentView.m */,
			);
			path = View;
			sourceTree = "<group>";
		};
		3467838821F809DD0075C97D /* Aspects */ = {
			isa = PBXGroup;
			children = (
				3467838621F809D80075C97D /* Aspects.h */,
				3467838521F809D80075C97D /* Aspects.m */,
			);
			path = Aspects;
			sourceTree = "<group>";
		};
		3467838921F80CDE0075C97D /* Helper */ = {
			isa = PBXGroup;
			children = (
				3467838A21F80CF00075C97D /* HZTabbarHelper.h */,
				3467838B21F80CF00075C97D /* HZTabbarHelper.m */,
			);
			path = Helper;
			sourceTree = "<group>";
		};
/* End PBXGroup section */

/* Begin PBXNativeTarget section */
		3467834B21F5C28B0075C97D /* TabView */ = {
			isa = PBXNativeTarget;
			buildConfigurationList = 3467836221F5C28C0075C97D /* Build configuration list for PBXNativeTarget "TabView" */;
			buildPhases = (
				3467834821F5C28B0075C97D /* Sources */,
				3467834921F5C28B0075C97D /* Frameworks */,
				3467834A21F5C28B0075C97D /* Resources */,
			);
			buildRules = (
			);
			dependencies = (
			);
			name = TabView;
			productName = TabView;
			productReference = 3467834C21F5C28B0075C97D /* TabView.app */;
			productType = "com.apple.product-type.application";
		};
/* End PBXNativeTarget section */

/* Begin PBXProject section */
		3467834421F5C28B0075C97D /* Project object */ = {
			isa = PBXProject;
			attributes = {
				LastUpgradeCheck = 1010;
				ORGANIZATIONNAME = hongzheng;
				TargetAttributes = {
					3467834B21F5C28B0075C97D = {
						CreatedOnToolsVersion = 10.1;
					};
				};
			};
			buildConfigurationList = 3467834721F5C28B0075C97D /* Build configuration list for PBXProject "TabView" */;
			compatibilityVersion = "Xcode 9.3";
			developmentRegion = en;
			hasScannedForEncodings = 0;
			knownRegions = (
				en,
				Base,
			);
			mainGroup = 3467834321F5C28B0075C97D;
			productRefGroup = 3467834D21F5C28B0075C97D /* Products */;
			projectDirPath = "";
			projectRoot = "";
			targets = (
				3467834B21F5C28B0075C97D /* TabView */,
			);
		};
/* End PBXProject section */

/* Begin PBXResourcesBuildPhase section */
		3467834A21F5C28B0075C97D /* Resources */ = {
			isa = PBXResourcesBuildPhase;
			buildActionMask = 2147483647;
			files = (
				3467835C21F5C28C0075C97D /* LaunchScreen.storyboard in Resources */,
				3467835921F5C28C0075C97D /* Assets.xcassets in Resources */,
				3467835721F5C28B0075C97D /* Main.storyboard in Resources */,
			);
			runOnlyForDeploymentPostprocessing = 0;
		};
/* End PBXResourcesBuildPhase section */

/* Begin PBXSourcesBuildPhase section */
		3467834821F5C28B0075C97D /* Sources */ = {
			isa = PBXSourcesBuildPhase;
			buildActionMask = 2147483647;
			files = (
				3467835F21F5C28C0075C97D /* main.m in Sources */,
				3467836821F5C2C80075C97D /* HZTabBarView.m in Sources */,
				3467837921F6C2F40075C97D /* HZTabContentView.m in Sources */,
				3467838021F7008B0075C97D /* HZTabBarController.m in Sources */,
				3467836C21F5C3BA0075C97D /* HZTabModel.m in Sources */,
				3467835121F5C28B0075C97D /* AppDelegate.m in Sources */,
				3467838C21F80CF00075C97D /* HZTabbarHelper.m in Sources */,
				3467838721F809D90075C97D /* Aspects.m in Sources */,
			);
			runOnlyForDeploymentPostprocessing = 0;
		};
/* End PBXSourcesBuildPhase section */

/* Begin PBXVariantGroup section */
		3467835521F5C28B0075C97D /* Main.storyboard */ = {
			isa = PBXVariantGroup;
			children = (
				3467835621F5C28B0075C97D /* Base */,
			);
			name = Main.storyboard;
			sourceTree = "<group>";
		};
		3467835A21F5C28C0075C97D /* LaunchScreen.storyboard */ = {
			isa = PBXVariantGroup;
			children = (
				3467835B21F5C28C0075C97D /* Base */,
			);
			name = LaunchScreen.storyboard;
			sourceTree = "<group>";
		};
/* End PBXVariantGroup section */

/* Begin XCBuildConfiguration section */
		3467836021F5C28C0075C97D /* Debug */ = {
			isa = XCBuildConfiguration;
			buildSettings = {
				ALWAYS_SEARCH_USER_PATHS = NO;
				CLANG_ANALYZER_NONNULL = YES;
				CLANG_ANALYZER_NUMBER_OBJECT_CONVERSION = YES_AGGRESSIVE;
				CLANG_CXX_LANGUAGE_STANDARD = "gnu++14";
				CLANG_CXX_LIBRARY = "libc++";
				CLANG_ENABLE_MODULES = YES;
				CLANG_ENABLE_OBJC_ARC = YES;
				CLANG_ENABLE_OBJC_WEAK = YES;
				CLANG_WARN_BLOCK_CAPTURE_AUTORELEASING = YES;
				CLANG_WARN_BOOL_CONVERSION = YES;
				CLANG_WARN_COMMA = YES;
				CLANG_WARN_CONSTANT_CONVERSION = YES;
				CLANG_WARN_DEPRECATED_OBJC_IMPLEMENTATIONS = YES;
				CLANG_WARN_DIRECT_OBJC_ISA_USAGE = YES_ERROR;
				CLANG_WARN_DOCUMENTATION_COMMENTS = YES;
				CLANG_WARN_EMPTY_BODY = YES;
				CLANG_WARN_ENUM_CONVERSION = YES;
				CLANG_WARN_INFINITE_RECURSION = YES;
				CLANG_WARN_INT_CONVERSION = YES;
				CLANG_WARN_NON_LITERAL_NULL_CONVERSION = YES;
				CLANG_WARN_OBJC_IMPLICIT_RETAIN_SELF = YES;
				CLANG_WARN_OBJC_LITERAL_CONVERSION = YES;
				CLANG_WARN_OBJC_ROOT_CLASS = YES_ERROR;
				CLANG_WARN_RANGE_LOOP_ANALYSIS = YES;
				CLANG_WARN_STRICT_PROTOTYPES = YES;
				CLANG_WARN_SUSPICIOUS_MOVE = YES;
				CLANG_WARN_UNGUARDED_AVAILABILITY = YES_AGGRESSIVE;
				CLANG_WARN_UNREACHABLE_CODE = YES;
				CLANG_WARN__DUPLICATE_METHOD_MATCH = YES;
				CODE_SIGN_IDENTITY = "iPhone Developer";
				COPY_PHASE_STRIP = NO;
				DEBUG_INFORMATION_FORMAT = dwarf;
				ENABLE_STRICT_OBJC_MSGSEND = YES;
				ENABLE_TESTABILITY = YES;
				GCC_C_LANGUAGE_STANDARD = gnu11;
				GCC_DYNAMIC_NO_PIC = NO;
				GCC_NO_COMMON_BLOCKS = YES;
				GCC_OPTIMIZATION_LEVEL = 0;
				GCC_PREPROCESSOR_DEFINITIONS = (
					"DEBUG=1",
					"$(inherited)",
				);
				GCC_WARN_64_TO_32_BIT_CONVERSION = YES;
				GCC_WARN_ABOUT_RETURN_TYPE = YES_ERROR;
				GCC_WARN_UNDECLARED_SELECTOR = YES;
				GCC_WARN_UNINITIALIZED_AUTOS = YES_AGGRESSIVE;
				GCC_WARN_UNUSED_FUNCTION = YES;
				GCC_WARN_UNUSED_VARIABLE = YES;
				IPHONEOS_DEPLOYMENT_TARGET = 12.1;
				MTL_ENABLE_DEBUG_INFO = INCLUDE_SOURCE;
				MTL_FAST_MATH = YES;
				ONLY_ACTIVE_ARCH = YES;
				SDKROOT = iphoneos;
			};
			name = Debug;
		};
		3467836121F5C28C0075C97D /* Release */ = {
			isa = XCBuildConfiguration;
			buildSettings = {
				ALWAYS_SEARCH_USER_PATHS = NO;
				CLANG_ANALYZER_NONNULL = YES;
				CLANG_ANALYZER_NUMBER_OBJECT_CONVERSION = YES_AGGRESSIVE;
				CLANG_CXX_LANGUAGE_STANDARD = "gnu++14";
				CLANG_CXX_LIBRARY = "libc++";
				CLANG_ENABLE_MODULES = YES;
				CLANG_ENABLE_OBJC_ARC = YES;
				CLANG_ENABLE_OBJC_WEAK = YES;
				CLANG_WARN_BLOCK_CAPTURE_AUTORELEASING = YES;
				CLANG_WARN_BOOL_CONVERSION = YES;
				CLANG_WARN_COMMA = YES;
				CLANG_WARN_CONSTANT_CONVERSION = YES;
				CLANG_WARN_DEPRECATED_OBJC_IMPLEMENTATIONS = YES;
				CLANG_WARN_DIRECT_OBJC_ISA_USAGE = YES_ERROR;
				CLANG_WARN_DOCUMENTATION_COMMENTS = YES;
				CLANG_WARN_EMPTY_BODY = YES;
				CLANG_WARN_ENUM_CONVERSION = YES;
				CLANG_WARN_INFINITE_RECURSION = YES;
				CLANG_WARN_INT_CONVERSION = YES;
				CLANG_WARN_NON_LITERAL_NULL_CONVERSION = YES;
				CLANG_WARN_OBJC_IMPLICIT_RETAIN_SELF = YES;
				CLANG_WARN_OBJC_LITERAL_CONVERSION = YES;
				CLANG_WARN_OBJC_ROOT_CLASS = YES_ERROR;
				CLANG_WARN_RANGE_LOOP_ANALYSIS = YES;
				CLANG_WARN_STRICT_PROTOTYPES = YES;
				CLANG_WARN_SUSPICIOUS_MOVE = YES;
				CLANG_WARN_UNGUARDED_AVAILABILITY = YES_AGGRESSIVE;
				CLANG_WARN_UNREACHABLE_CODE = YES;
				CLANG_WARN__DUPLICATE_METHOD_MATCH = YES;
				CODE_SIGN_IDENTITY = "iPhone Developer";
				COPY_PHASE_STRIP = NO;
				DEBUG_INFORMATION_FORMAT = "dwarf-with-dsym";
				ENABLE_NS_ASSERTIONS = NO;
				ENABLE_STRICT_OBJC_MSGSEND = YES;
				GCC_C_LANGUAGE_STANDARD = gnu11;
				GCC_NO_COMMON_BLOCKS = YES;
				GCC_WARN_64_TO_32_BIT_CONVERSION = YES;
				GCC_WARN_ABOUT_RETURN_TYPE = YES_ERROR;
				GCC_WARN_UNDECLARED_SELECTOR = YES;
				GCC_WARN_UNINITIALIZED_AUTOS = YES_AGGRESSIVE;
				GCC_WARN_UNUSED_FUNCTION = YES;
				GCC_WARN_UNUSED_VARIABLE = YES;
				IPHONEOS_DEPLOYMENT_TARGET = 12.1;
				MTL_ENABLE_DEBUG_INFO = NO;
				MTL_FAST_MATH = YES;
				SDKROOT = iphoneos;
				VALIDATE_PRODUCT = YES;
			};
			name = Release;
		};
		3467836321F5C28C0075C97D /* Debug */ = {
			isa = XCBuildConfiguration;
			buildSettings = {
				ASSETCATALOG_COMPILER_APPICON_NAME = AppIcon;
				CODE_SIGN_STYLE = Manual;
				DEVELOPMENT_TEAM = "";
				INFOPLIST_FILE = TabView/Info.plist;
				IPHONEOS_DEPLOYMENT_TARGET = 9.0;
				LD_RUNPATH_SEARCH_PATHS = (
					"$(inherited)",
					"@executable_path/Frameworks",
				);
				PRODUCT_BUNDLE_IDENTIFIER = com.hztech.PeopleDeputy.TabView;
				PRODUCT_NAME = "$(TARGET_NAME)";
				PROVISIONING_PROFILE_SPECIFIER = "";
				TARGETED_DEVICE_FAMILY = 1;
			};
			name = Debug;
		};
		3467836421F5C28C0075C97D /* Release */ = {
			isa = XCBuildConfiguration;
			buildSettings = {
				ASSETCATALOG_COMPILER_APPICON_NAME = AppIcon;
				CODE_SIGN_STYLE = Manual;
				DEVELOPMENT_TEAM = "";
				INFOPLIST_FILE = TabView/Info.plist;
				IPHONEOS_DEPLOYMENT_TARGET = 9.0;
				LD_RUNPATH_SEARCH_PATHS = (
					"$(inherited)",
					"@executable_path/Frameworks",
				);
				PRODUCT_BUNDLE_IDENTIFIER = com.hztech.PeopleDeputy.TabView;
				PRODUCT_NAME = "$(TARGET_NAME)";
				PROVISIONING_PROFILE_SPECIFIER = "";
				TARGETED_DEVICE_FAMILY = 1;
			};
			name = Release;
		};
/* End XCBuildConfiguration section */

/* Begin XCConfigurationList section */
		3467834721F5C28B0075C97D /* Build configuration list for PBXProject "TabView" */ = {
			isa = XCConfigurationList;
			buildConfigurations = (
				3467836021F5C28C0075C97D /* Debug */,
				3467836121F5C28C0075C97D /* Release */,
			);
			defaultConfigurationIsVisible = 0;
			defaultConfigurationName = Release;
		};
		3467836221F5C28C0075C97D /* Build configuration list for PBXNativeTarget "TabView" */ = {
			isa = XCConfigurationList;
			buildConfigurations = (
				3467836321F5C28C0075C97D /* Debug */,
				3467836421F5C28C0075C97D /* Release */,
			);
			defaultConfigurationIsVisible = 0;
			defaultConfigurationName = Release;
		};
/* End XCConfigurationList section */
	};
	rootObject = 3467834421F5C28B0075C97D /* Project object */;
}
